PODS:
  - Differentiator (3.1.0)
  - IQKeyboardManagerSwift (6.1.1)
  - ObjectMapper (3.3.0)
  - RxCocoa (4.3.0):
    - RxSwift (~> 4.0)
  - RxDataSources (3.1.0):
    - Differentiator (~> 3.0)
    - RxCocoa (~> 4.0)
    - RxSwift (~> 4.0)
  - RxSwift (4.3.0)
  - SwiftyJSON (4.1.0)

DEPENDENCIES:
  - IQKeyboardManagerSwift
  - ObjectMapper
  - RxCocoa (~> 4)
  - RxDataSources
  - RxSwift (~> 4)
  - SwiftyJSON

SPEC REPOS:
  https://github.com/cocoapods/specs.git:
    - Differentiator
    - IQKeyboardManagerSwift
    - ObjectMapper
    - RxCocoa
    - RxDataSources
    - RxSwift
    - SwiftyJSON

SPEC CHECKSUMS:
  Differentiator: be49ca3408f0ecfc761e4c7763d20c62be01b9ad
  IQKeyboardManagerSwift: 977affaeb4d6e971975c7790a6850f31d38f1207
  ObjectMapper: b612bf8c8e99c4dc0bb6013a51f7c27966ed5da9
  RxCocoa: 71b9cce833fbcb89a8eec11816dd225830c2bd3c
  RxDataSources: a843bad90c29817f5923ec8163f4af2de084ceb3
  RxSwift: a9717a34df3179fe63563f76e046ad345078dd3a
  SwiftyJSON: c29297daf073d2aa016295d5809cdd68045c39b3

PODFILE CHECKSUM: 69d4a34754308dd038d21812fed843fa2d4a9e41

COCOAPODS: 1.5.2
