PODS:
  - Differentiator (2.0.2)
  - IQKeyboardManagerSwift (5.0.7)
  - ObjectMapper (3.1.0)
  - RxCocoa (3.6.1):
    - RxSwift (~> 3.6)
  - RxDataSources (2.0.2):
    - Differentiator (~> 2.0)
    - RxCocoa (>= 3.6.1)
    - RxSwift (>= 3.6.1)
  - RxSwift (3.6.1)
  - SwiftyJSON (4.0.0)

DEPENDENCIES:
  - IQKeyboardManagerSwift
  - ObjectMapper
  - RxCocoa (~> 3)
  - RxDataSources
  - RxSwift (~> 3)
  - SwiftyJSON

SPEC CHECKSUMS:
  Differentiator: caa9b3957981a2ac8e6b2eac8a676af461caa604
  IQKeyboardManagerSwift: 30fb3a61de1af53a95e02b80fb54ed0a19d5ede5
  ObjectMapper: 20505058f54e5c3ca69e1d6de9897d152a5369a6
  RxCocoa: 84a08739ab186248c7f31ce4ee92d6f8a947d690
  RxDataSources: 7f190474a93a206c082c2d74c4cc9c8f7bea4feb
  RxSwift: f9de85ea20cd2f7716ee5409fc13523dc638e4e4
  SwiftyJSON: 070dabdcb1beb81b247c65ffa3a79dbbfb3b48aa

PODFILE CHECKSUM: 3f08294f60242798ff32d99fa313b03fdba51848

COCOAPODS: 1.4.0
